
Microsoft Visual Studio Solution File, Format Version 12.00
# Visual Studio 15
VisualStudioVersion = 15.0.28307.329
MinimumVisualStudioVersion = 10.0.40219.1
Project("{FAE04EC0-301F-11D3-BF4B-00C04F79EFBC}") = "Practica6-4", "Practica6-4\Practica6-4.csproj", "{712AF1BB-8943-4E3F-BFAC-43246CE7EA44}"
EndProject
Global
	GlobalSection(SolutionConfigurationPlatforms) = preSolution
		Debug|Any CPU = Debug|Any CPU
		Release|Any CPU = Release|Any CPU
	EndGlobalSection
	GlobalSection(ProjectConfigurationPlatforms) = postSolution
		{712AF1BB-8943-4E3F-BFAC-43246CE7EA44}.Debug|Any CPU.ActiveCfg = Debug|Any CPU
		{712AF1BB-8943-4E3F-BFAC-43246CE7EA44}.Debug|Any CPU.Build.0 = Debug|Any CPU
		{712AF1BB-8943-4E3F-BFAC-43246CE7EA44}.Release|Any CPU.ActiveCfg = Release|Any CPU
		{712AF1BB-8943-4E3F-BFAC-43246CE7EA44}.Release|Any CPU.Build.0 = Release|Any CPU
	EndGlobalSection
	GlobalSection(SolutionProperties) = preSolution
		HideSolutionNode = FALSE
	EndGlobalSection
	GlobalSection(ExtensibilityGlobals) = postSolution
		SolutionGuid = {F0BFA0F8-8EAA-4627-A8FD-7C55C3CAFF6D}
	EndGlobalSection
EndGlobal
